// !$*UTF8*$!
{
	archiveVersion = 1;
	classes = {
	};
	objectVersion = 46;
	objects = {

/* Begin PBXBuildFile section */
		EFE275001E4C9E3100A6A579 /* main.cpp in Sources */ = {isa = PBXBuildFile; fileRef = EFE274FF1E4C9E3100A6A579 /* main.cpp */; };
		EFE275071E4D1D3D00A6A579 /* input in CopyFiles */ = {isa = PBXBuildFile; fileRef = EFE275061E4D1D2A00A6A579 /* input */; };
/* End PBXBuildFile section */

/* Begin PBXCopyFilesBuildPhase section */
		EFE274FA1E4C9E3100A6A579 /* CopyFiles */ = {
			isa = PBXCopyFilesBuildPhase;
			buildActionMask = 12;
			dstPath = "";
			dstSubfolderSpec = 16;
			files = (
				EFE275071E4D1D3D00A6A579 /* input in CopyFiles */,
			);
			runOnlyForDeploymentPostprocessing = 0;
		};
/* End PBXCopyFilesBuildPhase section */

/* Begin PBXFileReference section */
		EFE274FC1E4C9E3100A6A579 /* Scrabble */ = {isa = PBXFileReference; explicitFileType = "compiled.mach-o.executable"; includeInIndex = 0; path = Scrabble; sourceTree = BUILT_PRODUCTS_DIR; };
		EFE274FF1E4C9E3100A6A579 /* main.cpp */ = {isa = PBXFileReference; lastKnownFileType = sourcecode.cpp.cpp; path = main.cpp; sourceTree = "<group>"; };
		EFE275061E4D1D2A00A6A579 /* input */ = {isa = PBXFileReference; fileEncoding = 4; lastKnownFileType = text; path = input; sourceTree = "<group>"; };
/* End PBXFileReference section */

/* Begin PBXFrameworksBuildPhase section */
		EFE274F91E4C9E3100A6A579 /* Frameworks */ = {
			isa = PBXFrameworksBuildPhase;
			buildActionMask = 2147483647;
			files = (
			);
			runOnlyForDeploymentPostprocessing = 0;
		};
/* End PBXFrameworksBuildPhase section */

/* Begin PBXGroup section */
		EFE274F31E4C9E3100A6A579 = {
			isa = PBXGroup;
			children = (
				EFE274FE1E4C9E3100A6A579 /* Scrabble */,
				EFE274FD1E4C9E3100A6A579 /* Products */,
			);
			sourceTree = "<group>";
		};
		EFE274FD1E4C9E3100A6A579 /* Products */ = {
			isa = PBXGroup;
			children = (
				EFE274FC1E4C9E3100A6A579 /* Scrabble */,
			);
			name = Products;
			sourceTree = "<group>";
		};
		EFE274FE1E4C9E3100A6A579 /* Scrabble */ = {
			isa = PBXGroup;
			children = (
				EFE274FF1E4C9E3100A6A579 /* main.cpp */,
				EFE275061E4D1D2A00A6A579 /* input */,
			);
			path = Scrabble;
			sourceTree = "<group>";
		};
/* End PBXGroup section */

/* Begin PBXNativeTarget section */
		EFE274FB1E4C9E3100A6A579 /* Scrabble */ = {
			isa = PBXNativeTarget;
			buildConfigurationList = EFE275031E4C9E3100A6A579 /* Build configuration list for PBXNativeTarget "Scrabble" */;
			buildPhases = (
				EFE274F81E4C9E3100A6A579 /* Sources */,
				EFE274F91E4C9E3100A6A579 /* Frameworks */,
				EFE274FA1E4C9E3100A6A579 /* CopyFiles */,
			);
			buildRules = (
			);
			dependencies = (
			);
			name = Scrabble;
			productName = Scrabble;
			productReference = EFE274FC1E4C9E3100A6A579 /* Scrabble */;
			productType = "com.apple.product-type.tool";
		};
/* End PBXNativeTarget section */

/* Begin PBXProject section */
		EFE274F41E4C9E3100A6A579 /* Project object */ = {
			isa = PBXProject;
			attributes = {
				LastUpgradeCheck = 0820;
				ORGANIZATIONNAME = "Alex James";
				TargetAttributes = {
					EFE274FB1E4C9E3100A6A579 = {
						CreatedOnToolsVersion = 8.2.1;
						ProvisioningStyle = Automatic;
					};
				};
			};
			buildConfigurationList = EFE274F71E4C9E3100A6A579 /* Build configuration list for PBXProject "Scrabble" */;
			compatibilityVersion = "Xcode 3.2";
			developmentRegion = English;
			hasScannedForEncodings = 0;
			knownRegions = (
				en,
			);
			mainGroup = EFE274F31E4C9E3100A6A579;
			productRefGroup = EFE274FD1E4C9E3100A6A579 /* Products */;
			projectDirPath = "";
			projectRoot = "";
			targets = (
				EFE274FB1E4C9E3100A6A579 /* Scrabble */,
			);
		};
/* End PBXProject section */

/* Begin PBXSourcesBuildPhase section */
		EFE274F81E4C9E3100A6A579 /* Sources */ = {
			isa = PBXSourcesBuildPhase;
			buildActionMask = 2147483647;
			files = (
				EFE275001E4C9E3100A6A579 /* main.cpp in Sources */,
			);
			runOnlyForDeploymentPostprocessing = 0;
		};
/* End PBXSourcesBuildPhase section */

/* Begin XCBuildConfiguration section */
		EFE275011E4C9E3100A6A579 /* Debug */ = {
			isa = XCBuildConfiguration;
			buildSettings = {
				ALWAYS_SEARCH_USER_PATHS = NO;
				CLANG_ANALYZER_NONNULL = YES;
				CLANG_CXX_LANGUAGE_STANDARD = "gnu++0x";
				CLANG_CXX_LIBRARY = "libc++";
				CLANG_ENABLE_MODULES = YES;
				CLANG_ENABLE_OBJC_ARC = YES;
				CLANG_WARN_BOOL_CONVERSION = YES;
				CLANG_WARN_CONSTANT_CONVERSION = YES;
				CLANG_WARN_DIRECT_OBJC_ISA_USAGE = YES_ERROR;
				CLANG_WARN_DOCUMENTATION_COMMENTS = YES;
				CLANG_WARN_EMPTY_BODY = YES;
				CLANG_WARN_ENUM_CONVERSION = YES;
				CLANG_WARN_INFINITE_RECURSION = YES;
				CLANG_WARN_INT_CONVERSION = YES;
				CLANG_WARN_OBJC_ROOT_CLASS = YES_ERROR;
				CLANG_WARN_SUSPICIOUS_MOVE = YES;
				CLANG_WARN_UNREACHABLE_CODE = YES;
				CLANG_WARN__DUPLICATE_METHOD_MATCH = YES;
				CODE_SIGN_IDENTITY = "-";
				COPY_PHASE_STRIP = NO;
				DEBUG_INFORMATION_FORMAT = dwarf;
				ENABLE_STRICT_OBJC_MSGSEND = YES;
				ENABLE_TESTABILITY = YES;
				GCC_C_LANGUAGE_STANDARD = gnu99;
				GCC_DYNAMIC_NO_PIC = NO;
				GCC_NO_COMMON_BLOCKS = YES;
				GCC_OPTIMIZATION_LEVEL = 0;
				GCC_PREPROCESSOR_DEFINITIONS = (
					"DEBUG=1",
					"$(inherited)",
				);
				GCC_WARN_64_TO_32_BIT_CONVERSION = YES;
				GCC_WARN_ABOUT_RETURN_TYPE = YES_ERROR;
				GCC_WARN_UNDECLARED_SELECTOR = YES;
				GCC_WARN_UNINITIALIZED_AUTOS = YES_AGGRESSIVE;
				GCC_WARN_UNUSED_FUNCTION = YES;
				GCC_WARN_UNUSED_VARIABLE = YES;
				MACOSX_DEPLOYMENT_TARGET = 10.12;
				MTL_ENABLE_DEBUG_INFO = YES;
				ONLY_ACTIVE_ARCH = YES;
				SDKROOT = macosx;
			};
			name = Debug;
		};
		EFE275021E4C9E3100A6A579 /* Release */ = {
			isa = XCBuildConfiguration;
			buildSettings = {
				ALWAYS_SEARCH_USER_PATHS = NO;
				CLANG_ANALYZER_NONNULL = YES;
				CLANG_CXX_LANGUAGE_STANDARD = "gnu++0x";
				CLANG_CXX_LIBRARY = "libc++";
				CLANG_ENABLE_MODULES = YES;
				CLANG_ENABLE_OBJC_ARC = YES;
				CLANG_WARN_BOOL_CONVERSION = YES;
				CLANG_WARN_CONSTANT_CONVERSION = YES;
				CLANG_WARN_DIRECT_OBJC_ISA_USAGE = YES_ERROR;
				CLANG_WARN_DOCUMENTATION_COMMENTS = YES;
				CLANG_WARN_EMPTY_BODY = YES;
				CLANG_WARN_ENUM_CONVERSION = YES;
				CLANG_WARN_INFINITE_RECURSION = YES;
				CLANG_WARN_INT_CONVERSION = YES;
				CLANG_WARN_OBJC_ROOT_CLASS = YES_ERROR;
				CLANG_WARN_SUSPICIOUS_MOVE = YES;
				CLANG_WARN_UNREACHABLE_CODE = YES;
				CLANG_WARN__DUPLICATE_METHOD_MATCH = YES;
				CODE_SIGN_IDENTITY = "-";
				COPY_PHASE_STRIP = NO;
				DEBUG_INFORMATION_FORMAT = "dwarf-with-dsym";
				ENABLE_NS_ASSERTIONS = NO;
				ENABLE_STRICT_OBJC_MSGSEND = YES;
				GCC_C_LANGUAGE_STANDARD = gnu99;
				GCC_NO_COMMON_BLOCKS = YES;
				GCC_WARN_64_TO_32_BIT_CONVERSION = YES;
				GCC_WARN_ABOUT_RETURN_TYPE = YES_ERROR;
				GCC_WARN_UNDECLARED_SELECTOR = YES;
				GCC_WARN_UNINITIALIZED_AUTOS = YES_AGGRESSIVE;
				GCC_WARN_UNUSED_FUNCTION = YES;
				GCC_WARN_UNUSED_VARIABLE = YES;
				MACOSX_DEPLOYMENT_TARGET = 10.12;
				MTL_ENABLE_DEBUG_INFO = NO;
				SDKROOT = macosx;
			};
			name = Release;
		};
		EFE275041E4C9E3100A6A579 /* Debug */ = {
			isa = XCBuildConfiguration;
			buildSettings = {
				PRODUCT_NAME = "$(TARGET_NAME)";
			};
			name = Debug;
		};
		EFE275051E4C9E3100A6A579 /* Release */ = {
			isa = XCBuildConfiguration;
			buildSettings = {
				PRODUCT_NAME = "$(TARGET_NAME)";
			};
			name = Release;
		};
/* End XCBuildConfiguration section */

/* Begin XCConfigurationList section */
		EFE274F71E4C9E3100A6A579 /* Build configuration list for PBXProject "Scrabble" */ = {
			isa = XCConfigurationList;
			buildConfigurations = (
				EFE275011E4C9E3100A6A579 /* Debug */,
				EFE275021E4C9E3100A6A579 /* Release */,
			);
			defaultConfigurationIsVisible = 0;
			defaultConfigurationName = Release;
		};
		EFE275031E4C9E3100A6A579 /* Build configuration list for PBXNativeTarget "Scrabble" */ = {
			isa = XCConfigurationList;
			buildConfigurations = (
				EFE275041E4C9E3100A6A579 /* Debug */,
				EFE275051E4C9E3100A6A579 /* Release */,
			);
			defaultConfigurationIsVisible = 0;
		};
/* End XCConfigurationList section */
	};
	rootObject = EFE274F41E4C9E3100A6A579 /* Project object */;
}
